<?xml version="1.0" encoding="UTF-8" standalone="yes" ?>
<CodeBlocks_project_file>
	<FileVersion major="1" minor="6" />
	<Project>
		<Option title="Proyecto Final" />
		<Option pch_mode="2" />
		<Option compiler="gcc" />
		<Build>
			<Target title="Debug">
				<Option output="bin/Debug/Proyecto Final" prefix_auto="1" extension_auto="1" />
				<Option object_output="obj/Debug/" />
				<Option type="1" />
				<Option compiler="gcc" />
				<Compiler>
					<Add option="-g" />
				</Compiler>
			</Target>
			<Target title="Release">
				<Option output="bin/Release/Proyecto Final" prefix_auto="1" extension_auto="1" />
				<Option object_output="obj/Release/" />
				<Option type="1" />
				<Option compiler="gcc" />
				<Compiler>
					<Add option="-O2" />
				</Compiler>
				<Linker>
					<Add option="-s" />
				</Linker>
			</Target>
		</Build>
		<Compiler>
			<Add option="-Wall" />
		</Compiler>
		<Unit filename="FuncionesPeleas.c">
			<Option compilerVar="CC" />
		</Unit>
		<Unit filename="FuncionesPeleas.h" />
		<Unit filename="LibreriaPrincipal.c">
			<Option compilerVar="CC" />
			<Option target="&lt;{~None~}&gt;" />
		</Unit>
		<Unit filename="LibreriaPrincipal.h">
			<Option target="&lt;{~None~}&gt;" />
		</Unit>
		<Unit filename="Menu.c">
			<Option compilerVar="CC" />
		</Unit>
		<Unit filename="Menu.h" />
		<Unit filename="Usuario.c">
			<Option compilerVar="CC" />
		</Unit>
		<Unit filename="Usuario.h" />
		<Unit filename="clases.c">
			<Option compilerVar="CC" />
		</Unit>
		<Unit filename="clases.h" />
		<Unit filename="estadisticas.c">
			<Option compilerVar="CC" />
		</Unit>
		<Unit filename="estadisticas.h" />
		<Unit filename="filas.c">
			<Option compilerVar="CC" />
		</Unit>
		<Unit filename="filas.h" />
		<Unit filename="habilidades.c">
			<Option compilerVar="CC" />
		</Unit>
		<Unit filename="habilidades.h" />
		<Unit filename="main.c">
			<Option compilerVar="CC" />
		</Unit>
		<Unit filename="personajeYenemigos.c">
			<Option compilerVar="CC" />
		</Unit>
		<Unit filename="personajeYenemigos.h" />
		<Extensions>
			<code_completion />
			<envvars />
			<debugger />
		</Extensions>
	</Project>
</CodeBlocks_project_file>
